{
  "name": "static",
  "lockfileVersion": 3,
  "requires": true,
  "packages": {
    "": {
      "dependencies": {
        "atsmanager": "^0.2.2"
      }
    },
    "node_modules/atsmanager": {
      "version": "0.2.2",
      "resolved": "https://registry.npmjs.org/atsmanager/-/atsmanager-0.2.2.tgz",
      "integrity": "sha512-RVD1gE27jTTa5d8CmGNLZNOvWJzXbE7KkBr42nU2Bq45gADipn6/206MrvAWSZaxGwlTm3MIKfb3qMuiAwxb/Q=="
    }
  }
}
